// !$*UTF8*$!
{
	archiveVersion = 1;
	classes = {
	};
	objectVersion = 56;
	objects = {

/* Begin PBXBuildFile section */
		85A73C652C88536F00C764F9 /* StorageManager.swift in Sources */ = {isa = PBXBuildFile; fileRef = 85A73C642C88536F00C764F9 /* StorageManager.swift */; };
		85AB07B52C879DED00EA5042 /* AppDelegate.swift in Sources */ = {isa = PBXBuildFile; fileRef = 85AB07B42C879DED00EA5042 /* AppDelegate.swift */; };
		85AB07B72C879DED00EA5042 /* SceneDelegate.swift in Sources */ = {isa = PBXBuildFile; fileRef = 85AB07B62C879DED00EA5042 /* SceneDelegate.swift */; };
		85AB07BC2C879DED00EA5042 /* Base in Resources */ = {isa = PBXBuildFile; fileRef = 85AB07BB2C879DED00EA5042 /* Base */; };
		85AB07BF2C879DED00EA5042 /* SearchImage.xcdatamodeld in Sources */ = {isa = PBXBuildFile; fileRef = 85AB07BD2C879DED00EA5042 /* SearchImage.xcdatamodeld */; };
		85AB07C12C879DED00EA5042 /* Assets.xcassets in Resources */ = {isa = PBXBuildFile; fileRef = 85AB07C02C879DED00EA5042 /* Assets.xcassets */; };
		85AB07C42C879DED00EA5042 /* Base in Resources */ = {isa = PBXBuildFile; fileRef = 85AB07C32C879DED00EA5042 /* Base */; };
		85AB07D22C87A93C00EA5042 /* SplashScreenViewController.swift in Sources */ = {isa = PBXBuildFile; fileRef = 85AB07D12C87A93C00EA5042 /* SplashScreenViewController.swift */; };
		85AB07D42C87A97600EA5042 /* RegistrationViewController.swift in Sources */ = {isa = PBXBuildFile; fileRef = 85AB07D32C87A97600EA5042 /* RegistrationViewController.swift */; };
		85AB07D62C87A9B200EA5042 /* SelectUserListViewController.swift in Sources */ = {isa = PBXBuildFile; fileRef = 85AB07D52C87A9B200EA5042 /* SelectUserListViewController.swift */; };
		85AB07D82C87A9DB00EA5042 /* LoginPageViewController.swift in Sources */ = {isa = PBXBuildFile; fileRef = 85AB07D72C87A9DB00EA5042 /* LoginPageViewController.swift */; };
		85AB07DA2C87A9F700EA5042 /* MainViewController.swift in Sources */ = {isa = PBXBuildFile; fileRef = 85AB07D92C87A9F700EA5042 /* MainViewController.swift */; };
/* End PBXBuildFile section */

/* Begin PBXFileReference section */
		85A73C642C88536F00C764F9 /* StorageManager.swift */ = {isa = PBXFileReference; lastKnownFileType = sourcecode.swift; path = StorageManager.swift; sourceTree = "<group>"; };
		85AB07B12C879DED00EA5042 /* SearchImage.app */ = {isa = PBXFileReference; explicitFileType = wrapper.application; includeInIndex = 0; path = SearchImage.app; sourceTree = BUILT_PRODUCTS_DIR; };
		85AB07B42C879DED00EA5042 /* AppDelegate.swift */ = {isa = PBXFileReference; lastKnownFileType = sourcecode.swift; path = AppDelegate.swift; sourceTree = "<group>"; };
		85AB07B62C879DED00EA5042 /* SceneDelegate.swift */ = {isa = PBXFileReference; lastKnownFileType = sourcecode.swift; path = SceneDelegate.swift; sourceTree = "<group>"; };
		85AB07BB2C879DED00EA5042 /* Base */ = {isa = PBXFileReference; lastKnownFileType = file.storyboard; name = Base; path = Base.lproj/Main.storyboard; sourceTree = "<group>"; };
		85AB07BE2C879DED00EA5042 /* SearchImage.xcdatamodel */ = {isa = PBXFileReference; lastKnownFileType = wrapper.xcdatamodel; path = SearchImage.xcdatamodel; sourceTree = "<group>"; };
		85AB07C02C879DED00EA5042 /* Assets.xcassets */ = {isa = PBXFileReference; lastKnownFileType = folder.assetcatalog; path = Assets.xcassets; sourceTree = "<group>"; };
		85AB07C32C879DED00EA5042 /* Base */ = {isa = PBXFileReference; lastKnownFileType = file.storyboard; name = Base; path = Base.lproj/LaunchScreen.storyboard; sourceTree = "<group>"; };
		85AB07C52C879DED00EA5042 /* Info.plist */ = {isa = PBXFileReference; lastKnownFileType = text.plist.xml; path = Info.plist; sourceTree = "<group>"; };
		85AB07D12C87A93C00EA5042 /* SplashScreenViewController.swift */ = {isa = PBXFileReference; lastKnownFileType = sourcecode.swift; path = SplashScreenViewController.swift; sourceTree = "<group>"; };
		85AB07D32C87A97600EA5042 /* RegistrationViewController.swift */ = {isa = PBXFileReference; lastKnownFileType = sourcecode.swift; path = RegistrationViewController.swift; sourceTree = "<group>"; };
		85AB07D52C87A9B200EA5042 /* SelectUserListViewController.swift */ = {isa = PBXFileReference; lastKnownFileType = sourcecode.swift; path = SelectUserListViewController.swift; sourceTree = "<group>"; };
		85AB07D72C87A9DB00EA5042 /* LoginPageViewController.swift */ = {isa = PBXFileReference; lastKnownFileType = sourcecode.swift; path = LoginPageViewController.swift; sourceTree = "<group>"; };
		85AB07D92C87A9F700EA5042 /* MainViewController.swift */ = {isa = PBXFileReference; lastKnownFileType = sourcecode.swift; path = MainViewController.swift; sourceTree = "<group>"; };
/* End PBXFileReference section */

/* Begin PBXFrameworksBuildPhase section */
		85AB07AE2C879DED00EA5042 /* Frameworks */ = {
			isa = PBXFrameworksBuildPhase;
			buildActionMask = 2147483647;
			files = (
			);
			runOnlyForDeploymentPostprocessing = 0;
		};
/* End PBXFrameworksBuildPhase section */

/* Begin PBXGroup section */
		85AB07A82C879DED00EA5042 = {
			isa = PBXGroup;
			children = (
				85AB07B32C879DED00EA5042 /* SearchImage */,
				85AB07B22C879DED00EA5042 /* Products */,
			);
			sourceTree = "<group>";
		};
		85AB07B22C879DED00EA5042 /* Products */ = {
			isa = PBXGroup;
			children = (
				85AB07B12C879DED00EA5042 /* SearchImage.app */,
			);
			name = Products;
			sourceTree = "<group>";
		};
		85AB07B32C879DED00EA5042 /* SearchImage */ = {
			isa = PBXGroup;
			children = (
				85AB07CB2C879E3B00EA5042 /* App */,
				85AB07CC2C879E5000EA5042 /* ViewControllers */,
				85AB07D02C879EF100EA5042 /* Services */,
				85AB07CF2C879ECF00EA5042 /* Models */,
				85AB07CD2C879E6100EA5042 /* StoryBoards */,
				85AB07CE2C879E6E00EA5042 /* Resurces */,
			);
			path = SearchImage;
			sourceTree = "<group>";
		};
		85AB07CB2C879E3B00EA5042 /* App */ = {
			isa = PBXGroup;
			children = (
				85AB07B42C879DED00EA5042 /* AppDelegate.swift */,
				85AB07B62C879DED00EA5042 /* SceneDelegate.swift */,
				85AB07C52C879DED00EA5042 /* Info.plist */,
			);
			path = App;
			sourceTree = "<group>";
		};
		85AB07CC2C879E5000EA5042 /* ViewControllers */ = {
			isa = PBXGroup;
			children = (
				85AB07D12C87A93C00EA5042 /* SplashScreenViewController.swift */,
				85AB07D32C87A97600EA5042 /* RegistrationViewController.swift */,
				85AB07D52C87A9B200EA5042 /* SelectUserListViewController.swift */,
				85AB07D72C87A9DB00EA5042 /* LoginPageViewController.swift */,
				85AB07D92C87A9F700EA5042 /* MainViewController.swift */,
			);
			path = ViewControllers;
			sourceTree = "<group>";
		};
		85AB07CD2C879E6100EA5042 /* StoryBoards */ = {
			isa = PBXGroup;
			children = (
				85AB07BA2C879DED00EA5042 /* Main.storyboard */,
				85AB07C22C879DED00EA5042 /* LaunchScreen.storyboard */,
			);
			path = StoryBoards;
			sourceTree = "<group>";
		};
		85AB07CE2C879E6E00EA5042 /* Resurces */ = {
			isa = PBXGroup;
			children = (
				85AB07C02C879DED00EA5042 /* Assets.xcassets */,
			);
			path = Resurces;
			sourceTree = "<group>";
		};
		85AB07CF2C879ECF00EA5042 /* Models */ = {
			isa = PBXGroup;
			children = (
				85AB07BD2C879DED00EA5042 /* SearchImage.xcdatamodeld */,
			);
			path = Models;
			sourceTree = "<group>";
		};
		85AB07D02C879EF100EA5042 /* Services */ = {
			isa = PBXGroup;
			children = (
				85A73C642C88536F00C764F9 /* StorageManager.swift */,
			);
			path = Services;
			sourceTree = "<group>";
		};
/* End PBXGroup section */

/* Begin PBXNativeTarget section */
		85AB07B02C879DED00EA5042 /* SearchImage */ = {
			isa = PBXNativeTarget;
			buildConfigurationList = 85AB07C82C879DED00EA5042 /* Build configuration list for PBXNativeTarget "SearchImage" */;
			buildPhases = (
				85AB07AD2C879DED00EA5042 /* Sources */,
				85AB07AE2C879DED00EA5042 /* Frameworks */,
				85AB07AF2C879DED00EA5042 /* Resources */,
			);
			buildRules = (
			);
			dependencies = (
			);
			name = SearchImage;
			productName = SearchImage;
			productReference = 85AB07B12C879DED00EA5042 /* SearchImage.app */;
			productType = "com.apple.product-type.application";
		};
/* End PBXNativeTarget section */

/* Begin PBXProject section */
		85AB07A92C879DED00EA5042 /* Project object */ = {
			isa = PBXProject;
			attributes = {
				BuildIndependentTargetsInParallel = 1;
				LastSwiftUpdateCheck = 1540;
				LastUpgradeCheck = 1540;
				TargetAttributes = {
					85AB07B02C879DED00EA5042 = {
						CreatedOnToolsVersion = 15.4;
					};
				};
			};
			buildConfigurationList = 85AB07AC2C879DED00EA5042 /* Build configuration list for PBXProject "SearchImage" */;
			compatibilityVersion = "Xcode 14.0";
			developmentRegion = en;
			hasScannedForEncodings = 0;
			knownRegions = (
				en,
				Base,
			);
			mainGroup = 85AB07A82C879DED00EA5042;
			productRefGroup = 85AB07B22C879DED00EA5042 /* Products */;
			projectDirPath = "";
			projectRoot = "";
			targets = (
				85AB07B02C879DED00EA5042 /* SearchImage */,
			);
		};
/* End PBXProject section */

/* Begin PBXResourcesBuildPhase section */
		85AB07AF2C879DED00EA5042 /* Resources */ = {
			isa = PBXResourcesBuildPhase;
			buildActionMask = 2147483647;
			files = (
				85AB07C12C879DED00EA5042 /* Assets.xcassets in Resources */,
				85AB07C42C879DED00EA5042 /* Base in Resources */,
				85AB07BC2C879DED00EA5042 /* Base in Resources */,
			);
			runOnlyForDeploymentPostprocessing = 0;
		};
/* End PBXResourcesBuildPhase section */

/* Begin PBXSourcesBuildPhase section */
		85AB07AD2C879DED00EA5042 /* Sources */ = {
			isa = PBXSourcesBuildPhase;
			buildActionMask = 2147483647;
			files = (
				85AB07BF2C879DED00EA5042 /* SearchImage.xcdatamodeld in Sources */,
				85AB07D62C87A9B200EA5042 /* SelectUserListViewController.swift in Sources */,
				85AB07B52C879DED00EA5042 /* AppDelegate.swift in Sources */,
				85A73C652C88536F00C764F9 /* StorageManager.swift in Sources */,
				85AB07D22C87A93C00EA5042 /* SplashScreenViewController.swift in Sources */,
				85AB07B72C879DED00EA5042 /* SceneDelegate.swift in Sources */,
				85AB07D82C87A9DB00EA5042 /* LoginPageViewController.swift in Sources */,
				85AB07D42C87A97600EA5042 /* RegistrationViewController.swift in Sources */,
				85AB07DA2C87A9F700EA5042 /* MainViewController.swift in Sources */,
			);
			runOnlyForDeploymentPostprocessing = 0;
		};
/* End PBXSourcesBuildPhase section */

/* Begin PBXVariantGroup section */
		85AB07BA2C879DED00EA5042 /* Main.storyboard */ = {
			isa = PBXVariantGroup;
			children = (
				85AB07BB2C879DED00EA5042 /* Base */,
			);
			name = Main.storyboard;
			sourceTree = "<group>";
		};
		85AB07C22C879DED00EA5042 /* LaunchScreen.storyboard */ = {
			isa = PBXVariantGroup;
			children = (
				85AB07C32C879DED00EA5042 /* Base */,
			);
			name = LaunchScreen.storyboard;
			sourceTree = "<group>";
		};
/* End PBXVariantGroup section */

/* Begin XCBuildConfiguration section */
		85AB07C62C879DED00EA5042 /* Debug */ = {
			isa = XCBuildConfiguration;
			buildSettings = {
				ALWAYS_SEARCH_USER_PATHS = NO;
				ASSETCATALOG_COMPILER_GENERATE_SWIFT_ASSET_SYMBOL_EXTENSIONS = YES;
				CLANG_ANALYZER_NONNULL = YES;
				CLANG_ANALYZER_NUMBER_OBJECT_CONVERSION = YES_AGGRESSIVE;
				CLANG_CXX_LANGUAGE_STANDARD = "gnu++20";
				CLANG_ENABLE_MODULES = YES;
				CLANG_ENABLE_OBJC_ARC = YES;
				CLANG_ENABLE_OBJC_WEAK = YES;
				CLANG_WARN_BLOCK_CAPTURE_AUTORELEASING = YES;
				CLANG_WARN_BOOL_CONVERSION = YES;
				CLANG_WARN_COMMA = YES;
				CLANG_WARN_CONSTANT_CONVERSION = YES;
				CLANG_WARN_DEPRECATED_OBJC_IMPLEMENTATIONS = YES;
				CLANG_WARN_DIRECT_OBJC_ISA_USAGE = YES_ERROR;
				CLANG_WARN_DOCUMENTATION_COMMENTS = YES;
				CLANG_WARN_EMPTY_BODY = YES;
				CLANG_WARN_ENUM_CONVERSION = YES;
				CLANG_WARN_INFINITE_RECURSION = YES;
				CLANG_WARN_INT_CONVERSION = YES;
				CLANG_WARN_NON_LITERAL_NULL_CONVERSION = YES;
				CLANG_WARN_OBJC_IMPLICIT_RETAIN_SELF = YES;
				CLANG_WARN_OBJC_LITERAL_CONVERSION = YES;
				CLANG_WARN_OBJC_ROOT_CLASS = YES_ERROR;
				CLANG_WARN_QUOTED_INCLUDE_IN_FRAMEWORK_HEADER = YES;
				CLANG_WARN_RANGE_LOOP_ANALYSIS = YES;
				CLANG_WARN_STRICT_PROTOTYPES = YES;
				CLANG_WARN_SUSPICIOUS_MOVE = YES;
				CLANG_WARN_UNGUARDED_AVAILABILITY = YES_AGGRESSIVE;
				CLANG_WARN_UNREACHABLE_CODE = YES;
				CLANG_WARN__DUPLICATE_METHOD_MATCH = YES;
				COPY_PHASE_STRIP = NO;
				DEBUG_INFORMATION_FORMAT = dwarf;
				ENABLE_STRICT_OBJC_MSGSEND = YES;
				ENABLE_TESTABILITY = YES;
				ENABLE_USER_SCRIPT_SANDBOXING = YES;
				GCC_C_LANGUAGE_STANDARD = gnu17;
				GCC_DYNAMIC_NO_PIC = NO;
				GCC_NO_COMMON_BLOCKS = YES;
				GCC_OPTIMIZATION_LEVEL = 0;
				GCC_PREPROCESSOR_DEFINITIONS = (
					"DEBUG=1",
					"$(inherited)",
				);
				GCC_WARN_64_TO_32_BIT_CONVERSION = YES;
				GCC_WARN_ABOUT_RETURN_TYPE = YES_ERROR;
				GCC_WARN_UNDECLARED_SELECTOR = YES;
				GCC_WARN_UNINITIALIZED_AUTOS = YES_AGGRESSIVE;
				GCC_WARN_UNUSED_FUNCTION = YES;
				GCC_WARN_UNUSED_VARIABLE = YES;
				IPHONEOS_DEPLOYMENT_TARGET = 17.5;
				LOCALIZATION_PREFERS_STRING_CATALOGS = YES;
				MTL_ENABLE_DEBUG_INFO = INCLUDE_SOURCE;
				MTL_FAST_MATH = YES;
				ONLY_ACTIVE_ARCH = YES;
				SDKROOT = iphoneos;
				SWIFT_ACTIVE_COMPILATION_CONDITIONS = "DEBUG $(inherited)";
				SWIFT_OPTIMIZATION_LEVEL = "-Onone";
			};
			name = Debug;
		};
		85AB07C72C879DED00EA5042 /* Release */ = {
			isa = XCBuildConfiguration;
			buildSettings = {
				ALWAYS_SEARCH_USER_PATHS = NO;
				ASSETCATALOG_COMPILER_GENERATE_SWIFT_ASSET_SYMBOL_EXTENSIONS = YES;
				CLANG_ANALYZER_NONNULL = YES;
				CLANG_ANALYZER_NUMBER_OBJECT_CONVERSION = YES_AGGRESSIVE;
				CLANG_CXX_LANGUAGE_STANDARD = "gnu++20";
				CLANG_ENABLE_MODULES = YES;
				CLANG_ENABLE_OBJC_ARC = YES;
				CLANG_ENABLE_OBJC_WEAK = YES;
				CLANG_WARN_BLOCK_CAPTURE_AUTORELEASING = YES;
				CLANG_WARN_BOOL_CONVERSION = YES;
				CLANG_WARN_COMMA = YES;
				CLANG_WARN_CONSTANT_CONVERSION = YES;
				CLANG_WARN_DEPRECATED_OBJC_IMPLEMENTATIONS = YES;
				CLANG_WARN_DIRECT_OBJC_ISA_USAGE = YES_ERROR;
				CLANG_WARN_DOCUMENTATION_COMMENTS = YES;
				CLANG_WARN_EMPTY_BODY = YES;
				CLANG_WARN_ENUM_CONVERSION = YES;
				CLANG_WARN_INFINITE_RECURSION = YES;
				CLANG_WARN_INT_CONVERSION = YES;
				CLANG_WARN_NON_LITERAL_NULL_CONVERSION = YES;
				CLANG_WARN_OBJC_IMPLICIT_RETAIN_SELF = YES;
				CLANG_WARN_OBJC_LITERAL_CONVERSION = YES;
				CLANG_WARN_OBJC_ROOT_CLASS = YES_ERROR;
				CLANG_WARN_QUOTED_INCLUDE_IN_FRAMEWORK_HEADER = YES;
				CLANG_WARN_RANGE_LOOP_ANALYSIS = YES;
				CLANG_WARN_STRICT_PROTOTYPES = YES;
				CLANG_WARN_SUSPICIOUS_MOVE = YES;
				CLANG_WARN_UNGUARDED_AVAILABILITY = YES_AGGRESSIVE;
				CLANG_WARN_UNREACHABLE_CODE = YES;
				CLANG_WARN__DUPLICATE_METHOD_MATCH = YES;
				COPY_PHASE_STRIP = NO;
				DEBUG_INFORMATION_FORMAT = "dwarf-with-dsym";
				ENABLE_NS_ASSERTIONS = NO;
				ENABLE_STRICT_OBJC_MSGSEND = YES;
				ENABLE_USER_SCRIPT_SANDBOXING = YES;
				GCC_C_LANGUAGE_STANDARD = gnu17;
				GCC_NO_COMMON_BLOCKS = YES;
				GCC_WARN_64_TO_32_BIT_CONVERSION = YES;
				GCC_WARN_ABOUT_RETURN_TYPE = YES_ERROR;
				GCC_WARN_UNDECLARED_SELECTOR = YES;
				GCC_WARN_UNINITIALIZED_AUTOS = YES_AGGRESSIVE;
				GCC_WARN_UNUSED_FUNCTION = YES;
				GCC_WARN_UNUSED_VARIABLE = YES;
				IPHONEOS_DEPLOYMENT_TARGET = 17.5;
				LOCALIZATION_PREFERS_STRING_CATALOGS = YES;
				MTL_ENABLE_DEBUG_INFO = NO;
				MTL_FAST_MATH = YES;
				SDKROOT = iphoneos;
				SWIFT_COMPILATION_MODE = wholemodule;
				VALIDATE_PRODUCT = YES;
			};
			name = Release;
		};
		85AB07C92C879DED00EA5042 /* Debug */ = {
			isa = XCBuildConfiguration;
			buildSettings = {
				ASSETCATALOG_COMPILER_APPICON_NAME = AppIcon;
				ASSETCATALOG_COMPILER_GLOBAL_ACCENT_COLOR_NAME = AccentColor;
				CODE_SIGN_STYLE = Automatic;
				CURRENT_PROJECT_VERSION = 1;
				GENERATE_INFOPLIST_FILE = YES;
				INFOPLIST_FILE = SearchImage/App/Info.plist;
				INFOPLIST_KEY_UIApplicationSupportsIndirectInputEvents = YES;
				INFOPLIST_KEY_UILaunchStoryboardName = LaunchScreen;
				INFOPLIST_KEY_UIMainStoryboardFile = Main;
				INFOPLIST_KEY_UISupportedInterfaceOrientations = UIInterfaceOrientationPortrait;
				INFOPLIST_KEY_UISupportedInterfaceOrientations_iPad = "UIInterfaceOrientationLandscapeLeft UIInterfaceOrientationLandscapeRight UIInterfaceOrientationPortrait UIInterfaceOrientationPortraitUpsideDown";
				IPHONEOS_DEPLOYMENT_TARGET = 16.0;
				LD_RUNPATH_SEARCH_PATHS = (
					"$(inherited)",
					"@executable_path/Frameworks",
				);
				MARKETING_VERSION = 1.0;
				PRODUCT_BUNDLE_IDENTIFIER = "Pavel-Nastusevich.SearchImage";
				PRODUCT_NAME = "$(TARGET_NAME)";
				SUPPORTED_PLATFORMS = "iphoneos iphonesimulator";
				SUPPORTS_MACCATALYST = NO;
				SUPPORTS_MAC_DESIGNED_FOR_IPHONE_IPAD = NO;
				SUPPORTS_XR_DESIGNED_FOR_IPHONE_IPAD = NO;
				SWIFT_EMIT_LOC_STRINGS = YES;
				SWIFT_VERSION = 5.0;
				TARGETED_DEVICE_FAMILY = 1;
			};
			name = Debug;
		};
		85AB07CA2C879DED00EA5042 /* Release */ = {
			isa = XCBuildConfiguration;
			buildSettings = {
				ASSETCATALOG_COMPILER_APPICON_NAME = AppIcon;
				ASSETCATALOG_COMPILER_GLOBAL_ACCENT_COLOR_NAME = AccentColor;
				CODE_SIGN_STYLE = Automatic;
				CURRENT_PROJECT_VERSION = 1;
				GENERATE_INFOPLIST_FILE = YES;
				INFOPLIST_FILE = SearchImage/App/Info.plist;
				INFOPLIST_KEY_UIApplicationSupportsIndirectInputEvents = YES;
				INFOPLIST_KEY_UILaunchStoryboardName = LaunchScreen;
				INFOPLIST_KEY_UIMainStoryboardFile = Main;
				INFOPLIST_KEY_UISupportedInterfaceOrientations = UIInterfaceOrientationPortrait;
				INFOPLIST_KEY_UISupportedInterfaceOrientations_iPad = "UIInterfaceOrientationLandscapeLeft UIInterfaceOrientationLandscapeRight UIInterfaceOrientationPortrait UIInterfaceOrientationPortraitUpsideDown";
				IPHONEOS_DEPLOYMENT_TARGET = 16.0;
				LD_RUNPATH_SEARCH_PATHS = (
					"$(inherited)",
					"@executable_path/Frameworks",
				);
				MARKETING_VERSION = 1.0;
				PRODUCT_BUNDLE_IDENTIFIER = "Pavel-Nastusevich.SearchImage";
				PRODUCT_NAME = "$(TARGET_NAME)";
				SUPPORTED_PLATFORMS = "iphoneos iphonesimulator";
				SUPPORTS_MACCATALYST = NO;
				SUPPORTS_MAC_DESIGNED_FOR_IPHONE_IPAD = NO;
				SUPPORTS_XR_DESIGNED_FOR_IPHONE_IPAD = NO;
				SWIFT_EMIT_LOC_STRINGS = YES;
				SWIFT_VERSION = 5.0;
				TARGETED_DEVICE_FAMILY = 1;
			};
			name = Release;
		};
/* End XCBuildConfiguration section */

/* Begin XCConfigurationList section */
		85AB07AC2C879DED00EA5042 /* Build configuration list for PBXProject "SearchImage" */ = {
			isa = XCConfigurationList;
			buildConfigurations = (
				85AB07C62C879DED00EA5042 /* Debug */,
				85AB07C72C879DED00EA5042 /* Release */,
			);
			defaultConfigurationIsVisible = 0;
			defaultConfigurationName = Release;
		};
		85AB07C82C879DED00EA5042 /* Build configuration list for PBXNativeTarget "SearchImage" */ = {
			isa = XCConfigurationList;
			buildConfigurations = (
				85AB07C92C879DED00EA5042 /* Debug */,
				85AB07CA2C879DED00EA5042 /* Release */,
			);
			defaultConfigurationIsVisible = 0;
			defaultConfigurationName = Release;
		};
/* End XCConfigurationList section */

/* Begin XCVersionGroup section */
		85AB07BD2C879DED00EA5042 /* SearchImage.xcdatamodeld */ = {
			isa = XCVersionGroup;
			children = (
				85AB07BE2C879DED00EA5042 /* SearchImage.xcdatamodel */,
			);
			currentVersion = 85AB07BE2C879DED00EA5042 /* SearchImage.xcdatamodel */;
			path = SearchImage.xcdatamodeld;
			sourceTree = "<group>";
			versionGroupType = wrapper.xcdatamodel;
		};
/* End XCVersionGroup section */
	};
	rootObject = 85AB07A92C879DED00EA5042 /* Project object */;
}
